<?xml version="1.0" encoding="utf-8"?>
<Project ToolsVersion="4.0" xmlns="http://schemas.microsoft.com/developer/msbuild/2003">
  <ItemGroup>
    <Filter Include="소스 파일">
      <UniqueIdentifier>{4FC737F1-C7A5-4376-A066-2A32D752A2FF}</UniqueIdentifier>
      <Extensions>cpp;c;cc;cxx;def;odl;idl;hpj;bat;asm;asmx</Extensions>
    </Filter>
    <Filter Include="헤더 파일">
      <UniqueIdentifier>{93995380-89BD-4b04-88EB-625FBE52EBFB}</UniqueIdentifier>
      <Extensions>h;hh;hpp;hxx;hm;inl;inc;ipp;xsd</Extensions>
    </Filter>
    <Filter Include="리소스 파일">
      <UniqueIdentifier>{67DA6AB6-F800-4c08-8B7A-83BB121AAD01}</UniqueIdentifier>
      <Extensions>rc;ico;cur;bmp;dlg;rc2;rct;bin;rgs;gif;jpg;jpeg;jpe;resx;tiff;tif;png;wav;mfcribbon-ms</Extensions>
    </Filter>
    <Filter Include="Manager">
      <UniqueIdentifier>{b1998acd-3146-44fa-a680-b35c63dfca15}</UniqueIdentifier>
    </Filter>
    <Filter Include="GameObject">
      <UniqueIdentifier>{dbc37fa9-07e0-4508-912d-ad5ddac48916}</UniqueIdentifier>
    </Filter>
    <Filter Include="MyLib">
      <UniqueIdentifier>{4cee5abc-6817-44bf-ad43-d43b7bbd24c0}</UniqueIdentifier>
    </Filter>
    <Filter Include="Scene">
      <UniqueIdentifier>{b4f5fbdb-362a-4e40-b47f-7d1c7c4923d9}</UniqueIdentifier>
    </Filter>
    <Filter Include="Animation">
      <UniqueIdentifier>{91b4fd24-c712-4473-b1d3-87f54063f765}</UniqueIdentifier>
    </Filter>
    <Filter Include="State">
      <UniqueIdentifier>{6b12601b-09fe-4161-b584-5f1da6fe2961}</UniqueIdentifier>
    </Filter>
    <Filter Include="Camera">
      <UniqueIdentifier>{53bfafa3-0a39-449a-977b-6236d5ea9328}</UniqueIdentifier>
    </Filter>
    <Filter Include="FMOD">
      <UniqueIdentifier>{dbdf22d4-0043-4643-a0eb-f9e28cb18879}</UniqueIdentifier>
    </Filter>
    <Filter Include="Tile">
      <UniqueIdentifier>{9529c9d4-7b16-4973-ab6f-d3f2f5c03634}</UniqueIdentifier>
    </Filter>
    <Filter Include="Texture">
      <UniqueIdentifier>{162c217e-4ee7-4c8d-a84e-5b299b8c3216}</UniqueIdentifier>
    </Filter>
  </ItemGroup>
  <ItemGroup>
    <ClInclude Include="framework.h">
      <Filter>헤더 파일</Filter>
    </ClInclude>
    <ClInclude Include="targetver.h">
      <Filter>헤더 파일</Filter>
    </ClInclude>
    <ClInclude Include="Resource.h">
      <Filter>헤더 파일</Filter>
    </ClInclude>
    <ClInclude Include="GameFramework.h">
      <Filter>헤더 파일</Filter>
    </ClInclude>
    <ClInclude Include="pch.h">
      <Filter>헤더 파일</Filter>
    </ClInclude>
    <ClInclude Include="Define.h">
      <Filter>헤더 파일</Filter>
    </ClInclude>
    <ClInclude Include="GameObject.h">
      <Filter>GameObject</Filter>
    </ClInclude>
    <ClInclude Include="TimeManager.h">
      <Filter>Manager</Filter>
    </ClInclude>
    <ClInclude Include="SceneManager.h">
      <Filter>Manager</Filter>
    </ClInclude>
    <ClInclude Include="ObjectManager.h">
      <Filter>Manager</Filter>
    </ClInclude>
    <ClInclude Include="InputManager.h">
      <Filter>Manager</Filter>
    </ClInclude>
    <ClInclude Include="CollisionManager.h">
      <Filter>Manager</Filter>
    </ClInclude>
    <ClInclude Include="EventManager.h">
      <Filter>Manager</Filter>
    </ClInclude>
    <ClInclude Include="MemoryPool.h">
      <Filter>MyLib</Filter>
    </ClInclude>
    <ClInclude Include="IScene.h">
      <Filter>Scene</Filter>
    </ClInclude>
    <ClInclude Include="MainGame.h">
      <Filter>Manager</Filter>
    </ClInclude>
    <ClInclude Include="Animation.h">
      <Filter>Animation</Filter>
    </ClInclude>
    <ClInclude Include="TileManager.h">
      <Filter>Manager</Filter>
    </ClInclude>
    <ClInclude Include="IState.h">
      <Filter>State</Filter>
    </ClInclude>
    <ClInclude Include="Camera.h">
      <Filter>Camera</Filter>
    </ClInclude>
    <ClInclude Include="Point.h">
      <Filter>MyLib</Filter>
    </ClInclude>
    <ClInclude Include="FileManager.h">
      <Filter>Manager</Filter>
    </ClInclude>
    <ClInclude Include="fmod.h">
      <Filter>FMOD</Filter>
    </ClInclude>
    <ClInclude Include="fmod.hpp">
      <Filter>FMOD</Filter>
    </ClInclude>
    <ClInclude Include="fmod_codec.h">
      <Filter>FMOD</Filter>
    </ClInclude>
    <ClInclude Include="fmod_dsp.h">
      <Filter>FMOD</Filter>
    </ClInclude>
    <ClInclude Include="fmod_errors.h">
      <Filter>FMOD</Filter>
    </ClInclude>
    <ClInclude Include="fmod_memoryinfo.h">
      <Filter>FMOD</Filter>
    </ClInclude>
    <ClInclude Include="fmod_output.h">
      <Filter>FMOD</Filter>
    </ClInclude>
    <ClInclude Include="SoundMgr.h">
      <Filter>FMOD</Filter>
    </ClInclude>
    <ClInclude Include="TestScene.h">
      <Filter>Scene</Filter>
    </ClInclude>
    <ClInclude Include="D2DRenderManager.h">
      <Filter>Manager</Filter>
    </ClInclude>
    <ClInclude Include="Vector3.h">
      <Filter>MyLib</Filter>
    </ClInclude>
    <ClInclude Include="Transform.h">
      <Filter>MyLib</Filter>
    </ClInclude>
    <ClInclude Include="Texture.h">
      <Filter>Texture</Filter>
    </ClInclude>
    <ClInclude Include="Tile.h">
      <Filter>Tile</Filter>
    </ClInclude>
    <ClInclude Include="Character.h">
      <Filter>GameObject</Filter>
    </ClInclude>
  </ItemGroup>
  <ItemGroup>
    <ClCompile Include="pch.cpp">
      <Filter>소스 파일</Filter>
    </ClCompile>
    <ClCompile Include="GameObject.cpp">
      <Filter>GameObject</Filter>
    </ClCompile>
    <ClCompile Include="TimeManager.cpp">
      <Filter>Manager</Filter>
    </ClCompile>
    <ClCompile Include="SceneManager.cpp">
      <Filter>Manager</Filter>
    </ClCompile>
    <ClCompile Include="ObjectManager.cpp">
      <Filter>Manager</Filter>
    </ClCompile>
    <ClCompile Include="InputManager.cpp">
      <Filter>Manager</Filter>
    </ClCompile>
    <ClCompile Include="CollisionManager.cpp">
      <Filter>Manager</Filter>
    </ClCompile>
    <ClCompile Include="EventManager.cpp">
      <Filter>Manager</Filter>
    </ClCompile>
    <ClCompile Include="IScene.cpp">
      <Filter>Scene</Filter>
    </ClCompile>
    <ClCompile Include="MainGame.cpp">
      <Filter>Manager</Filter>
    </ClCompile>
    <ClCompile Include="Animation.cpp">
      <Filter>Animation</Filter>
    </ClCompile>
    <ClCompile Include="TileManager.cpp">
      <Filter>Manager</Filter>
    </ClCompile>
    <ClCompile Include="IState.cpp">
      <Filter>State</Filter>
    </ClCompile>
    <ClCompile Include="Camera.cpp">
      <Filter>Camera</Filter>
    </ClCompile>
    <ClCompile Include="FileManager.cpp">
      <Filter>Manager</Filter>
    </ClCompile>
    <ClCompile Include="SoundMgr.cpp">
      <Filter>FMOD</Filter>
    </ClCompile>
    <ClCompile Include="TestScene.cpp">
      <Filter>Scene</Filter>
    </ClCompile>
    <ClCompile Include="GameFramework.cpp">
      <Filter>소스 파일</Filter>
    </ClCompile>
    <ClCompile Include="D2DRenderManager.cpp">
      <Filter>Manager</Filter>
    </ClCompile>
    <ClCompile Include="Vector3.cpp">
      <Filter>MyLib</Filter>
    </ClCompile>
    <ClCompile Include="Transform.cpp">
      <Filter>MyLib</Filter>
    </ClCompile>
    <ClCompile Include="Texture.cpp">
      <Filter>Texture</Filter>
    </ClCompile>
    <ClCompile Include="Tile.cpp">
      <Filter>Tile</Filter>
    </ClCompile>
    <ClCompile Include="Character.cpp">
      <Filter>GameObject</Filter>
    </ClCompile>
  </ItemGroup>
  <ItemGroup>
    <ResourceCompile Include="GameFramework.rc">
      <Filter>리소스 파일</Filter>
    </ResourceCompile>
  </ItemGroup>
  <ItemGroup>
    <Image Include="small.ico">
      <Filter>리소스 파일</Filter>
    </Image>
    <Image Include="GameFramework.ico">
      <Filter>리소스 파일</Filter>
    </Image>
  </ItemGroup>
  <ItemGroup>
    <None Include="fmodex.dll">
      <Filter>FMOD</Filter>
    </None>
    <None Include="fmodexL.dll">
      <Filter>FMOD</Filter>
    </None>
  </ItemGroup>
  <ItemGroup>
    <Library Include="fmodex_vc.lib">
      <Filter>FMOD</Filter>
    </Library>
  </ItemGroup>
</Project>