<?xml version="1.0" encoding="utf-8"?>
<Project ToolsVersion="4.0" xmlns="http://schemas.microsoft.com/developer/msbuild/2003">
  <ItemGroup>
    <Filter Include="리소스 파일">
      <UniqueIdentifier>{67DA6AB6-F800-4c08-8B7A-83BB121AAD01}</UniqueIdentifier>
      <Extensions>rc;ico;cur;bmp;dlg;rc2;rct;bin;rgs;gif;jpg;jpeg;jpe;resx;tiff;tif;png;wav;mfcribbon-ms</Extensions>
    </Filter>
    <Filter Include="Default">
      <UniqueIdentifier>{8f702af1-3827-4a19-ab1e-e6eb0bd6ea0a}</UniqueIdentifier>
    </Filter>
    <Filter Include="Header">
      <UniqueIdentifier>{7cd78a8e-1349-4ba5-b344-52c917fa82cf}</UniqueIdentifier>
    </Filter>
    <Filter Include="GraphicDevice">
      <UniqueIdentifier>{e51c5138-138f-45cc-b517-41e52046e58b}</UniqueIdentifier>
    </Filter>
    <Filter Include="Manager">
      <UniqueIdentifier>{94f55f4e-4b6c-4721-95b5-5a8be544fa60}</UniqueIdentifier>
    </Filter>
    <Filter Include="Texture">
      <UniqueIdentifier>{a7410d6b-cc5e-4115-ad87-3a43496bb29f}</UniqueIdentifier>
    </Filter>
  </ItemGroup>
  <ItemGroup>
    <ClInclude Include="targetver.h">
      <Filter>Default</Filter>
    </ClInclude>
    <ClInclude Include="Resource.h">
      <Filter>Default</Filter>
    </ClInclude>
    <ClInclude Include="pch.h">
      <Filter>Default</Filter>
    </ClInclude>
    <ClInclude Include="MapToolView.h">
      <Filter>Default</Filter>
    </ClInclude>
    <ClInclude Include="MapToolDoc.h">
      <Filter>Default</Filter>
    </ClInclude>
    <ClInclude Include="MapTool.h">
      <Filter>Default</Filter>
    </ClInclude>
    <ClInclude Include="MainFrm.h">
      <Filter>Default</Filter>
    </ClInclude>
    <ClInclude Include="framework.h">
      <Filter>Default</Filter>
    </ClInclude>
    <ClInclude Include="Define.h">
      <Filter>Header</Filter>
    </ClInclude>
    <ClInclude Include="GraphicDevice.h">
      <Filter>GraphicDevice</Filter>
    </ClInclude>
    <ClInclude Include="TextureManager.h">
      <Filter>Manager</Filter>
    </ClInclude>
    <ClInclude Include="ITexture.h">
      <Filter>Texture</Filter>
    </ClInclude>
    <ClInclude Include="SingleTexture.h" />
    <ClInclude Include="MultiTexture.h" />
  </ItemGroup>
  <ItemGroup>
    <ClCompile Include="pch.cpp">
      <Filter>Default</Filter>
    </ClCompile>
    <ClCompile Include="MapToolView.cpp">
      <Filter>Default</Filter>
    </ClCompile>
    <ClCompile Include="MapToolDoc.cpp">
      <Filter>Default</Filter>
    </ClCompile>
    <ClCompile Include="MapTool.cpp">
      <Filter>Default</Filter>
    </ClCompile>
    <ClCompile Include="MainFrm.cpp">
      <Filter>Default</Filter>
    </ClCompile>
    <ClCompile Include="GraphicDevice.cpp">
      <Filter>GraphicDevice</Filter>
    </ClCompile>
    <ClCompile Include="TextureManager.cpp">
      <Filter>Manager</Filter>
    </ClCompile>
    <ClCompile Include="ITexture.cpp">
      <Filter>Texture</Filter>
    </ClCompile>
    <ClCompile Include="SingleTexture.cpp" />
    <ClCompile Include="MultiTexture.cpp" />
  </ItemGroup>
  <ItemGroup>
    <ResourceCompile Include="MapTool.rc">
      <Filter>리소스 파일</Filter>
    </ResourceCompile>
  </ItemGroup>
  <ItemGroup>
    <None Include="res\MapTool.rc2">
      <Filter>리소스 파일</Filter>
    </None>
  </ItemGroup>
  <ItemGroup>
    <Image Include="res\MapToolDoc.ico">
      <Filter>리소스 파일</Filter>
    </Image>
    <Image Include="res\MapTool.ico">
      <Filter>리소스 파일</Filter>
    </Image>
    <Image Include="res\Toolbar.bmp">
      <Filter>리소스 파일</Filter>
    </Image>
  </ItemGroup>
</Project>